
Microsoft Visual Studio Solution File, Format Version 12.00
# Visual Studio 15
VisualStudioVersion = 15.0.27130.2026
MinimumVisualStudioVersion = 10.0.40219.1
Project("{FAE04EC0-301F-11D3-BF4B-00C04F79EFBC}") = "Web", "Web\Web.csproj", "{0F86E1CC-5FC8-49AD-A6EA-303B7E43EB10}"
EndProject
Project("{FAE04EC0-301F-11D3-BF4B-00C04F79EFBC}") = "Api", "Api\Api.csproj", "{99A36A60-CE85-45FF-B1F8-CEB8AB73ADBB}"
EndProject
Project("{FAE04EC0-301F-11D3-BF4B-00C04F79EFBC}") = "Models", "Models\Models.csproj", "{3C74B07E-16D8-43F4-B56C-4A1CB5E08173}"
EndProject
Project("{FAE04EC0-301F-11D3-BF4B-00C04F79EFBC}") = "Services", "Services\Services.csproj", "{F7E70455-87DB-4294-9E8A-D07A5201560F}"
EndProject
Project("{FAE04EC0-301F-11D3-BF4B-00C04F79EFBC}") = "Providers", "Providers\Providers.csproj", "{B29120E9-C62C-4109-BAD6-9445840B00D0}"
EndProject
Project("{FAE04EC0-301F-11D3-BF4B-00C04F79EFBC}") = "Decorators", "Decorators\Decorators.csproj", "{3375470B-1DD2-4B2F-A064-0615DF5B0361}"
EndProject
Global
	GlobalSection(SolutionConfigurationPlatforms) = preSolution
		Debug|Any CPU = Debug|Any CPU
		Release|Any CPU = Release|Any CPU
	EndGlobalSection
	GlobalSection(ProjectConfigurationPlatforms) = postSolution
		{0F86E1CC-5FC8-49AD-A6EA-303B7E43EB10}.Debug|Any CPU.ActiveCfg = Debug|Any CPU
		{0F86E1CC-5FC8-49AD-A6EA-303B7E43EB10}.Debug|Any CPU.Build.0 = Debug|Any CPU
		{0F86E1CC-5FC8-49AD-A6EA-303B7E43EB10}.Release|Any CPU.ActiveCfg = Release|Any CPU
		{0F86E1CC-5FC8-49AD-A6EA-303B7E43EB10}.Release|Any CPU.Build.0 = Release|Any CPU
		{99A36A60-CE85-45FF-B1F8-CEB8AB73ADBB}.Debug|Any CPU.ActiveCfg = Debug|Any CPU
		{99A36A60-CE85-45FF-B1F8-CEB8AB73ADBB}.Debug|Any CPU.Build.0 = Debug|Any CPU
		{99A36A60-CE85-45FF-B1F8-CEB8AB73ADBB}.Release|Any CPU.ActiveCfg = Release|Any CPU
		{99A36A60-CE85-45FF-B1F8-CEB8AB73ADBB}.Release|Any CPU.Build.0 = Release|Any CPU
		{3C74B07E-16D8-43F4-B56C-4A1CB5E08173}.Debug|Any CPU.ActiveCfg = Debug|Any CPU
		{3C74B07E-16D8-43F4-B56C-4A1CB5E08173}.Debug|Any CPU.Build.0 = Debug|Any CPU
		{3C74B07E-16D8-43F4-B56C-4A1CB5E08173}.Release|Any CPU.ActiveCfg = Release|Any CPU
		{3C74B07E-16D8-43F4-B56C-4A1CB5E08173}.Release|Any CPU.Build.0 = Release|Any CPU
		{F7E70455-87DB-4294-9E8A-D07A5201560F}.Debug|Any CPU.ActiveCfg = Debug|Any CPU
		{F7E70455-87DB-4294-9E8A-D07A5201560F}.Debug|Any CPU.Build.0 = Debug|Any CPU
		{F7E70455-87DB-4294-9E8A-D07A5201560F}.Release|Any CPU.ActiveCfg = Release|Any CPU
		{F7E70455-87DB-4294-9E8A-D07A5201560F}.Release|Any CPU.Build.0 = Release|Any CPU
		{B29120E9-C62C-4109-BAD6-9445840B00D0}.Debug|Any CPU.ActiveCfg = Debug|Any CPU
		{B29120E9-C62C-4109-BAD6-9445840B00D0}.Debug|Any CPU.Build.0 = Debug|Any CPU
		{B29120E9-C62C-4109-BAD6-9445840B00D0}.Release|Any CPU.ActiveCfg = Release|Any CPU
		{B29120E9-C62C-4109-BAD6-9445840B00D0}.Release|Any CPU.Build.0 = Release|Any CPU
		{3375470B-1DD2-4B2F-A064-0615DF5B0361}.Debug|Any CPU.ActiveCfg = Debug|Any CPU
		{3375470B-1DD2-4B2F-A064-0615DF5B0361}.Debug|Any CPU.Build.0 = Debug|Any CPU
		{3375470B-1DD2-4B2F-A064-0615DF5B0361}.Release|Any CPU.ActiveCfg = Release|Any CPU
		{3375470B-1DD2-4B2F-A064-0615DF5B0361}.Release|Any CPU.Build.0 = Release|Any CPU
	EndGlobalSection
	GlobalSection(SolutionProperties) = preSolution
		HideSolutionNode = FALSE
	EndGlobalSection
	GlobalSection(ExtensibilityGlobals) = postSolution
		SolutionGuid = {78FEFADF-559F-453B-9060-C9EC322A79F2}
	EndGlobalSection
EndGlobal
